// !$*UTF8*$!
{
	archiveVersion = 1;
	classes = {
	};
	objectVersion = 46;
	objects = {

/* Begin PBXBuildFile section */
		AF039A671DEECFE90090E0F6 /* bull.JPEG in Resources */ = {isa = PBXBuildFile; fileRef = AF039A661DEECFE90090E0F6 /* bull.JPEG */; };
		AF039A6A1DEED7870090E0F6 /* MessageManager.swift in Sources */ = {isa = PBXBuildFile; fileRef = AF039A691DEED7870090E0F6 /* MessageManager.swift */; };
		AFE2C8781DEC9B6700BF4F55 /* Assets.xcassets in Resources */ = {isa = PBXBuildFile; fileRef = AFE2C8771DEC9B6700BF4F55 /* Assets.xcassets */; };
		AFE2C87F1DEC9B6800BF4F55 /* MessagesExtension.appex in Embed App Extensions */ = {isa = PBXBuildFile; fileRef = AFE2C87E1DEC9B6800BF4F55 /* MessagesExtension.appex */; settings = {ATTRIBUTES = (RemoveHeadersOnCopy, ); }; };
		AFE2C8841DEC9B6800BF4F55 /* Messages.framework in Frameworks */ = {isa = PBXBuildFile; fileRef = AFE2C8831DEC9B6800BF4F55 /* Messages.framework */; settings = {ATTRIBUTES = (Required, ); }; };
		AFE2C8871DEC9B6800BF4F55 /* MessagesViewController.swift in Sources */ = {isa = PBXBuildFile; fileRef = AFE2C8861DEC9B6800BF4F55 /* MessagesViewController.swift */; };
		AFE2C88A1DEC9B6800BF4F55 /* MainInterface.storyboard in Resources */ = {isa = PBXBuildFile; fileRef = AFE2C8881DEC9B6800BF4F55 /* MainInterface.storyboard */; };
		AFE2C88C1DEC9B6800BF4F55 /* Assets.xcassets in Resources */ = {isa = PBXBuildFile; fileRef = AFE2C88B1DEC9B6800BF4F55 /* Assets.xcassets */; };
		AFE2C8981DECE4C900BF4F55 /* GameManager.swift in Sources */ = {isa = PBXBuildFile; fileRef = AFE2C8971DECE4C900BF4F55 /* GameManager.swift */; };
		E8C2714254CF7F88A8FA5C4D /* Pods_demoiM.framework in Frameworks */ = {isa = PBXBuildFile; fileRef = A54EB0A8558F9E06DEA5E815 /* Pods_demoiM.framework */; };
/* End PBXBuildFile section */

/* Begin PBXContainerItemProxy section */
		AFE2C8801DEC9B6800BF4F55 /* PBXContainerItemProxy */ = {
			isa = PBXContainerItemProxy;
			containerPortal = AFE2C86E1DEC9B6700BF4F55 /* Project object */;
			proxyType = 1;
			remoteGlobalIDString = AFE2C87D1DEC9B6800BF4F55;
			remoteInfo = MessagesExtension;
		};
/* End PBXContainerItemProxy section */

/* Begin PBXCopyFilesBuildPhase section */
		AFE2C8931DEC9B6800BF4F55 /* Embed App Extensions */ = {
			isa = PBXCopyFilesBuildPhase;
			buildActionMask = 2147483647;
			dstPath = "";
			dstSubfolderSpec = 13;
			files = (
				AFE2C87F1DEC9B6800BF4F55 /* MessagesExtension.appex in Embed App Extensions */,
			);
			name = "Embed App Extensions";
			runOnlyForDeploymentPostprocessing = 0;
		};
/* End PBXCopyFilesBuildPhase section */

/* Begin PBXFileReference section */
		61D6497C52DFD4DCD9C67FF3 /* Pods-demoiM.release.xcconfig */ = {isa = PBXFileReference; includeInIndex = 1; lastKnownFileType = text.xcconfig; name = "Pods-demoiM.release.xcconfig"; path = "Pods/Target Support Files/Pods-demoiM/Pods-demoiM.release.xcconfig"; sourceTree = "<group>"; };
		A54EB0A8558F9E06DEA5E815 /* Pods_demoiM.framework */ = {isa = PBXFileReference; explicitFileType = wrapper.framework; includeInIndex = 0; path = Pods_demoiM.framework; sourceTree = BUILT_PRODUCTS_DIR; };
		AF039A5C1DED9B520090E0F6 /* GoogleToolboxForMac.framework */ = {isa = PBXFileReference; lastKnownFileType = wrapper.framework; name = GoogleToolboxForMac.framework; path = "../../Library/Developer/Xcode/DerivedData/demoiM-fabrgglchdwpghdpgofabwlsmgls/Build/Products/Debug-iphonesimulator/GoogleToolboxForMac/GoogleToolboxForMac.framework"; sourceTree = "<group>"; };
		AF039A5E1DED9B970090E0F6 /* Pods_demoiM.framework */ = {isa = PBXFileReference; lastKnownFileType = wrapper.framework; name = Pods_demoiM.framework; path = "Pods/../build/Debug-iphoneos/Pods_demoiM.framework"; sourceTree = "<group>"; };
		AF039A661DEECFE90090E0F6 /* bull.JPEG */ = {isa = PBXFileReference; lastKnownFileType = image.jpeg; path = bull.JPEG; sourceTree = "<group>"; };
		AF039A691DEED7870090E0F6 /* MessageManager.swift */ = {isa = PBXFileReference; fileEncoding = 4; lastKnownFileType = sourcecode.swift; path = MessageManager.swift; sourceTree = "<group>"; };
		AFE2C8741DEC9B6700BF4F55 /* demoiM.app */ = {isa = PBXFileReference; explicitFileType = wrapper.application; includeInIndex = 0; path = demoiM.app; sourceTree = BUILT_PRODUCTS_DIR; };
		AFE2C8771DEC9B6700BF4F55 /* Assets.xcassets */ = {isa = PBXFileReference; lastKnownFileType = folder.assetcatalog; path = Assets.xcassets; sourceTree = "<group>"; };
		AFE2C8791DEC9B6700BF4F55 /* Info.plist */ = {isa = PBXFileReference; lastKnownFileType = text.plist.xml; path = Info.plist; sourceTree = "<group>"; };
		AFE2C87E1DEC9B6800BF4F55 /* MessagesExtension.appex */ = {isa = PBXFileReference; explicitFileType = "wrapper.app-extension"; includeInIndex = 0; path = MessagesExtension.appex; sourceTree = BUILT_PRODUCTS_DIR; };
		AFE2C8831DEC9B6800BF4F55 /* Messages.framework */ = {isa = PBXFileReference; lastKnownFileType = wrapper.framework; name = Messages.framework; path = System/Library/Frameworks/Messages.framework; sourceTree = SDKROOT; };
		AFE2C8861DEC9B6800BF4F55 /* MessagesViewController.swift */ = {isa = PBXFileReference; lastKnownFileType = sourcecode.swift; path = MessagesViewController.swift; sourceTree = "<group>"; };
		AFE2C8891DEC9B6800BF4F55 /* Base */ = {isa = PBXFileReference; lastKnownFileType = file.storyboard; name = Base; path = Base.lproj/MainInterface.storyboard; sourceTree = "<group>"; };
		AFE2C88B1DEC9B6800BF4F55 /* Assets.xcassets */ = {isa = PBXFileReference; lastKnownFileType = folder.assetcatalog; path = Assets.xcassets; sourceTree = "<group>"; };
		AFE2C88D1DEC9B6800BF4F55 /* Info.plist */ = {isa = PBXFileReference; lastKnownFileType = text.plist.xml; path = Info.plist; sourceTree = "<group>"; };
		AFE2C8971DECE4C900BF4F55 /* GameManager.swift */ = {isa = PBXFileReference; fileEncoding = 4; lastKnownFileType = sourcecode.swift; path = GameManager.swift; sourceTree = "<group>"; };
		ECEEFB3251E1039BAF912EF2 /* Pods-demoiM.debug.xcconfig */ = {isa = PBXFileReference; includeInIndex = 1; lastKnownFileType = text.xcconfig; name = "Pods-demoiM.debug.xcconfig"; path = "Pods/Target Support Files/Pods-demoiM/Pods-demoiM.debug.xcconfig"; sourceTree = "<group>"; };
/* End PBXFileReference section */

/* Begin PBXFrameworksBuildPhase section */
		99DD3775AC2293C337C2E8EE /* Frameworks */ = {
			isa = PBXFrameworksBuildPhase;
			buildActionMask = 2147483647;
			files = (
				E8C2714254CF7F88A8FA5C4D /* Pods_demoiM.framework in Frameworks */,
			);
			runOnlyForDeploymentPostprocessing = 0;
		};
		AFE2C87B1DEC9B6800BF4F55 /* Frameworks */ = {
			isa = PBXFrameworksBuildPhase;
			buildActionMask = 2147483647;
			files = (
				AFE2C8841DEC9B6800BF4F55 /* Messages.framework in Frameworks */,
			);
			runOnlyForDeploymentPostprocessing = 0;
		};
/* End PBXFrameworksBuildPhase section */

/* Begin PBXGroup section */
		79C6705D64002FD5D26E0D86 /* Pods */ = {
			isa = PBXGroup;
			children = (
				ECEEFB3251E1039BAF912EF2 /* Pods-demoiM.debug.xcconfig */,
				61D6497C52DFD4DCD9C67FF3 /* Pods-demoiM.release.xcconfig */,
			);
			name = Pods;
			sourceTree = "<group>";
		};
		AF039A651DEECFE90090E0F6 /* img */ = {
			isa = PBXGroup;
			children = (
				AF039A661DEECFE90090E0F6 /* bull.JPEG */,
			);
			path = img;
			sourceTree = "<group>";
		};
		AF039A681DEED76C0090E0F6 /* Manager */ = {
			isa = PBXGroup;
			children = (
				AFE2C8971DECE4C900BF4F55 /* GameManager.swift */,
				AF039A691DEED7870090E0F6 /* MessageManager.swift */,
			);
			name = Manager;
			sourceTree = "<group>";
		};
		AFE2C86D1DEC9B6700BF4F55 = {
			isa = PBXGroup;
			children = (
				AF039A651DEECFE90090E0F6 /* img */,
				AFE2C8761DEC9B6700BF4F55 /* demoiM */,
				AFE2C8851DEC9B6800BF4F55 /* MessagesExtension */,
				AFE2C8821DEC9B6800BF4F55 /* Frameworks */,
				AFE2C8751DEC9B6700BF4F55 /* Products */,
				79C6705D64002FD5D26E0D86 /* Pods */,
			);
			sourceTree = "<group>";
		};
		AFE2C8751DEC9B6700BF4F55 /* Products */ = {
			isa = PBXGroup;
			children = (
				AFE2C8741DEC9B6700BF4F55 /* demoiM.app */,
				AFE2C87E1DEC9B6800BF4F55 /* MessagesExtension.appex */,
			);
			name = Products;
			sourceTree = "<group>";
		};
		AFE2C8761DEC9B6700BF4F55 /* demoiM */ = {
			isa = PBXGroup;
			children = (
				AFE2C8771DEC9B6700BF4F55 /* Assets.xcassets */,
				AFE2C8791DEC9B6700BF4F55 /* Info.plist */,
			);
			path = demoiM;
			sourceTree = "<group>";
		};
		AFE2C8821DEC9B6800BF4F55 /* Frameworks */ = {
			isa = PBXGroup;
			children = (
				AF039A5E1DED9B970090E0F6 /* Pods_demoiM.framework */,
				AF039A5C1DED9B520090E0F6 /* GoogleToolboxForMac.framework */,
				AFE2C8831DEC9B6800BF4F55 /* Messages.framework */,
				A54EB0A8558F9E06DEA5E815 /* Pods_demoiM.framework */,
			);
			name = Frameworks;
			sourceTree = "<group>";
		};
		AFE2C8851DEC9B6800BF4F55 /* MessagesExtension */ = {
			isa = PBXGroup;
			children = (
				AF039A681DEED76C0090E0F6 /* Manager */,
				AFE2C8861DEC9B6800BF4F55 /* MessagesViewController.swift */,
				AFE2C8881DEC9B6800BF4F55 /* MainInterface.storyboard */,
				AFE2C88B1DEC9B6800BF4F55 /* Assets.xcassets */,
				AFE2C88D1DEC9B6800BF4F55 /* Info.plist */,
			);
			path = MessagesExtension;
			sourceTree = "<group>";
		};
/* End PBXGroup section */

/* Begin PBXNativeTarget section */
		AFE2C8731DEC9B6700BF4F55 /* demoiM */ = {
			isa = PBXNativeTarget;
			buildConfigurationList = AFE2C8941DEC9B6800BF4F55 /* Build configuration list for PBXNativeTarget "demoiM" */;
			buildPhases = (
				0C6219B290587CCB2E93FC37 /* [CP] Check Pods Manifest.lock */,
				AFE2C8721DEC9B6700BF4F55 /* Resources */,
				AFE2C8931DEC9B6800BF4F55 /* Embed App Extensions */,
				99DD3775AC2293C337C2E8EE /* Frameworks */,
				BB202856C26909DDE4F10AB4 /* [CP] Embed Pods Frameworks */,
				5F26A387762767195A4A3F36 /* [CP] Copy Pods Resources */,
			);
			buildRules = (
			);
			dependencies = (
				AFE2C8811DEC9B6800BF4F55 /* PBXTargetDependency */,
			);
			name = demoiM;
			productName = demoiM;
			productReference = AFE2C8741DEC9B6700BF4F55 /* demoiM.app */;
			productType = "com.apple.product-type.application.messages";
		};
		AFE2C87D1DEC9B6800BF4F55 /* MessagesExtension */ = {
			isa = PBXNativeTarget;
			buildConfigurationList = AFE2C8901DEC9B6800BF4F55 /* Build configuration list for PBXNativeTarget "MessagesExtension" */;
			buildPhases = (
				AFE2C87A1DEC9B6800BF4F55 /* Sources */,
				AFE2C87B1DEC9B6800BF4F55 /* Frameworks */,
				AFE2C87C1DEC9B6800BF4F55 /* Resources */,
			);
			buildRules = (
			);
			dependencies = (
			);
			name = MessagesExtension;
			productName = MessagesExtension;
			productReference = AFE2C87E1DEC9B6800BF4F55 /* MessagesExtension.appex */;
			productType = "com.apple.product-type.app-extension.messages";
		};
/* End PBXNativeTarget section */

/* Begin PBXProject section */
		AFE2C86E1DEC9B6700BF4F55 /* Project object */ = {
			isa = PBXProject;
			attributes = {
				LastSwiftUpdateCheck = 0810;
				LastUpgradeCheck = 0810;
				ORGANIZATIONNAME = "Иван Трофимов";
				TargetAttributes = {
					AFE2C8731DEC9B6700BF4F55 = {
						CreatedOnToolsVersion = 8.1;
						DevelopmentTeam = B5SWW93MKD;
						ProvisioningStyle = Automatic;
					};
					AFE2C87D1DEC9B6800BF4F55 = {
						CreatedOnToolsVersion = 8.1;
						DevelopmentTeam = B5SWW93MKD;
						ProvisioningStyle = Automatic;
					};
				};
			};
			buildConfigurationList = AFE2C8711DEC9B6700BF4F55 /* Build configuration list for PBXProject "demoiM" */;
			compatibilityVersion = "Xcode 3.2";
			developmentRegion = English;
			hasScannedForEncodings = 0;
			knownRegions = (
				en,
				Base,
			);
			mainGroup = AFE2C86D1DEC9B6700BF4F55;
			productRefGroup = AFE2C8751DEC9B6700BF4F55 /* Products */;
			projectDirPath = "";
			projectRoot = "";
			targets = (
				AFE2C8731DEC9B6700BF4F55 /* demoiM */,
				AFE2C87D1DEC9B6800BF4F55 /* MessagesExtension */,
			);
		};
/* End PBXProject section */

/* Begin PBXResourcesBuildPhase section */
		AFE2C8721DEC9B6700BF4F55 /* Resources */ = {
			isa = PBXResourcesBuildPhase;
			buildActionMask = 2147483647;
			files = (
				AFE2C8781DEC9B6700BF4F55 /* Assets.xcassets in Resources */,
			);
			runOnlyForDeploymentPostprocessing = 0;
		};
		AFE2C87C1DEC9B6800BF4F55 /* Resources */ = {
			isa = PBXResourcesBuildPhase;
			buildActionMask = 2147483647;
			files = (
				AF039A671DEECFE90090E0F6 /* bull.JPEG in Resources */,
				AFE2C88C1DEC9B6800BF4F55 /* Assets.xcassets in Resources */,
				AFE2C88A1DEC9B6800BF4F55 /* MainInterface.storyboard in Resources */,
			);
			runOnlyForDeploymentPostprocessing = 0;
		};
/* End PBXResourcesBuildPhase section */

/* Begin PBXShellScriptBuildPhase section */
		0C6219B290587CCB2E93FC37 /* [CP] Check Pods Manifest.lock */ = {
			isa = PBXShellScriptBuildPhase;
			buildActionMask = 2147483647;
			files = (
			);
			inputPaths = (
			);
			name = "[CP] Check Pods Manifest.lock";
			outputPaths = (
			);
			runOnlyForDeploymentPostprocessing = 0;
			shellPath = /bin/sh;
			shellScript = "diff \"${PODS_ROOT}/../Podfile.lock\" \"${PODS_ROOT}/Manifest.lock\" > /dev/null\nif [ $? != 0 ] ; then\n    # print error to STDERR\n    echo \"error: The sandbox is not in sync with the Podfile.lock. Run 'pod install' or update your CocoaPods installation.\" >&2\n    exit 1\nfi\n";
			showEnvVarsInLog = 0;
		};
		5F26A387762767195A4A3F36 /* [CP] Copy Pods Resources */ = {
			isa = PBXShellScriptBuildPhase;
			buildActionMask = 2147483647;
			files = (
			);
			inputPaths = (
			);
			name = "[CP] Copy Pods Resources";
			outputPaths = (
			);
			runOnlyForDeploymentPostprocessing = 0;
			shellPath = /bin/sh;
			shellScript = "\"${SRCROOT}/Pods/Target Support Files/Pods-demoiM/Pods-demoiM-resources.sh\"\n";
			showEnvVarsInLog = 0;
		};
		BB202856C26909DDE4F10AB4 /* [CP] Embed Pods Frameworks */ = {
			isa = PBXShellScriptBuildPhase;
			buildActionMask = 2147483647;
			files = (
			);
			inputPaths = (
			);
			name = "[CP] Embed Pods Frameworks";
			outputPaths = (
			);
			runOnlyForDeploymentPostprocessing = 0;
			shellPath = /bin/sh;
			shellScript = "\"${SRCROOT}/Pods/Target Support Files/Pods-demoiM/Pods-demoiM-frameworks.sh\"\n";
			showEnvVarsInLog = 0;
		};
/* End PBXShellScriptBuildPhase section */

/* Begin PBXSourcesBuildPhase section */
		AFE2C87A1DEC9B6800BF4F55 /* Sources */ = {
			isa = PBXSourcesBuildPhase;
			buildActionMask = 2147483647;
			files = (
				AF039A6A1DEED7870090E0F6 /* MessageManager.swift in Sources */,
				AFE2C8871DEC9B6800BF4F55 /* MessagesViewController.swift in Sources */,
				AFE2C8981DECE4C900BF4F55 /* GameManager.swift in Sources */,
			);
			runOnlyForDeploymentPostprocessing = 0;
		};
/* End PBXSourcesBuildPhase section */

/* Begin PBXTargetDependency section */
		AFE2C8811DEC9B6800BF4F55 /* PBXTargetDependency */ = {
			isa = PBXTargetDependency;
			target = AFE2C87D1DEC9B6800BF4F55 /* MessagesExtension */;
			targetProxy = AFE2C8801DEC9B6800BF4F55 /* PBXContainerItemProxy */;
		};
/* End PBXTargetDependency section */

/* Begin PBXVariantGroup section */
		AFE2C8881DEC9B6800BF4F55 /* MainInterface.storyboard */ = {
			isa = PBXVariantGroup;
			children = (
				AFE2C8891DEC9B6800BF4F55 /* Base */,
			);
			name = MainInterface.storyboard;
			sourceTree = "<group>";
		};
/* End PBXVariantGroup section */

/* Begin XCBuildConfiguration section */
		AFE2C88E1DEC9B6800BF4F55 /* Debug */ = {
			isa = XCBuildConfiguration;
			buildSettings = {
				ALWAYS_SEARCH_USER_PATHS = NO;
				CLANG_ANALYZER_NONNULL = YES;
				CLANG_CXX_LANGUAGE_STANDARD = "gnu++0x";
				CLANG_CXX_LIBRARY = "libc++";
				CLANG_ENABLE_MODULES = YES;
				CLANG_ENABLE_OBJC_ARC = YES;
				CLANG_WARN_BOOL_CONVERSION = YES;
				CLANG_WARN_CONSTANT_CONVERSION = YES;
				CLANG_WARN_DIRECT_OBJC_ISA_USAGE = YES_ERROR;
				CLANG_WARN_DOCUMENTATION_COMMENTS = YES;
				CLANG_WARN_EMPTY_BODY = YES;
				CLANG_WARN_ENUM_CONVERSION = YES;
				CLANG_WARN_INFINITE_RECURSION = YES;
				CLANG_WARN_INT_CONVERSION = YES;
				CLANG_WARN_OBJC_ROOT_CLASS = YES_ERROR;
				CLANG_WARN_SUSPICIOUS_MOVES = YES;
				CLANG_WARN_UNREACHABLE_CODE = YES;
				CLANG_WARN__DUPLICATE_METHOD_MATCH = YES;
				"CODE_SIGN_IDENTITY[sdk=iphoneos*]" = "iPhone Developer";
				COPY_PHASE_STRIP = NO;
				DEBUG_INFORMATION_FORMAT = dwarf;
				ENABLE_STRICT_OBJC_MSGSEND = YES;
				ENABLE_TESTABILITY = YES;
				GCC_C_LANGUAGE_STANDARD = gnu99;
				GCC_DYNAMIC_NO_PIC = NO;
				GCC_NO_COMMON_BLOCKS = YES;
				GCC_OPTIMIZATION_LEVEL = 0;
				GCC_PREPROCESSOR_DEFINITIONS = (
					"DEBUG=1",
					"$(inherited)",
				);
				GCC_WARN_64_TO_32_BIT_CONVERSION = YES;
				GCC_WARN_ABOUT_RETURN_TYPE = YES_ERROR;
				GCC_WARN_UNDECLARED_SELECTOR = YES;
				GCC_WARN_UNINITIALIZED_AUTOS = YES_AGGRESSIVE;
				GCC_WARN_UNUSED_FUNCTION = YES;
				GCC_WARN_UNUSED_VARIABLE = YES;
				IPHONEOS_DEPLOYMENT_TARGET = 10.1;
				MTL_ENABLE_DEBUG_INFO = YES;
				ONLY_ACTIVE_ARCH = YES;
				SDKROOT = iphoneos;
				SWIFT_ACTIVE_COMPILATION_CONDITIONS = DEBUG;
				SWIFT_OPTIMIZATION_LEVEL = "-Onone";
				TARGETED_DEVICE_FAMILY = "1,2";
			};
			name = Debug;
		};
		AFE2C88F1DEC9B6800BF4F55 /* Release */ = {
			isa = XCBuildConfiguration;
			buildSettings = {
				ALWAYS_SEARCH_USER_PATHS = NO;
				CLANG_ANALYZER_NONNULL = YES;
				CLANG_CXX_LANGUAGE_STANDARD = "gnu++0x";
				CLANG_CXX_LIBRARY = "libc++";
				CLANG_ENABLE_MODULES = YES;
				CLANG_ENABLE_OBJC_ARC = YES;
				CLANG_WARN_BOOL_CONVERSION = YES;
				CLANG_WARN_CONSTANT_CONVERSION = YES;
				CLANG_WARN_DIRECT_OBJC_ISA_USAGE = YES_ERROR;
				CLANG_WARN_DOCUMENTATION_COMMENTS = YES;
				CLANG_WARN_EMPTY_BODY = YES;
				CLANG_WARN_ENUM_CONVERSION = YES;
				CLANG_WARN_INFINITE_RECURSION = YES;
				CLANG_WARN_INT_CONVERSION = YES;
				CLANG_WARN_OBJC_ROOT_CLASS = YES_ERROR;
				CLANG_WARN_SUSPICIOUS_MOVES = YES;
				CLANG_WARN_UNREACHABLE_CODE = YES;
				CLANG_WARN__DUPLICATE_METHOD_MATCH = YES;
				"CODE_SIGN_IDENTITY[sdk=iphoneos*]" = "iPhone Developer";
				COPY_PHASE_STRIP = NO;
				DEBUG_INFORMATION_FORMAT = "dwarf-with-dsym";
				ENABLE_NS_ASSERTIONS = NO;
				ENABLE_STRICT_OBJC_MSGSEND = YES;
				GCC_C_LANGUAGE_STANDARD = gnu99;
				GCC_NO_COMMON_BLOCKS = YES;
				GCC_WARN_64_TO_32_BIT_CONVERSION = YES;
				GCC_WARN_ABOUT_RETURN_TYPE = YES_ERROR;
				GCC_WARN_UNDECLARED_SELECTOR = YES;
				GCC_WARN_UNINITIALIZED_AUTOS = YES_AGGRESSIVE;
				GCC_WARN_UNUSED_FUNCTION = YES;
				GCC_WARN_UNUSED_VARIABLE = YES;
				IPHONEOS_DEPLOYMENT_TARGET = 10.1;
				MTL_ENABLE_DEBUG_INFO = NO;
				SDKROOT = iphoneos;
				SWIFT_OPTIMIZATION_LEVEL = "-Owholemodule";
				TARGETED_DEVICE_FAMILY = "1,2";
				VALIDATE_PRODUCT = YES;
			};
			name = Release;
		};
		AFE2C8911DEC9B6800BF4F55 /* Debug */ = {
			isa = XCBuildConfiguration;
			buildSettings = {
				ASSETCATALOG_COMPILER_APPICON_NAME = "iMessage App Icon";
				DEVELOPMENT_TEAM = B5SWW93MKD;
				FRAMEWORK_SEARCH_PATHS = (
					"$(inherited)",
					"$(PROJECT_DIR)/build/Debug-iphoneos",
					"$(PROJECT_DIR)/Pods/Google-Mobile-Ads-SDK/Frameworks",
				);
				INFOPLIST_FILE = MessagesExtension/Info.plist;
				IPHONEOS_DEPLOYMENT_TARGET = 10.0;
				LD_RUNPATH_SEARCH_PATHS = "$(inherited) @executable_path/Frameworks @executable_path/../../Frameworks";
				PRODUCT_BUNDLE_IDENTIFIER = com.trofimov.demoiM.MessagesExtension;
				PRODUCT_NAME = "$(TARGET_NAME)";
				SKIP_INSTALL = YES;
				SWIFT_VERSION = 3.0;
			};
			name = Debug;
		};
		AFE2C8921DEC9B6800BF4F55 /* Release */ = {
			isa = XCBuildConfiguration;
			buildSettings = {
				ASSETCATALOG_COMPILER_APPICON_NAME = "iMessage App Icon";
				DEVELOPMENT_TEAM = B5SWW93MKD;
				FRAMEWORK_SEARCH_PATHS = (
					"$(inherited)",
					"$(PROJECT_DIR)/build/Debug-iphoneos",
					"$(PROJECT_DIR)/Pods/Google-Mobile-Ads-SDK/Frameworks",
				);
				INFOPLIST_FILE = MessagesExtension/Info.plist;
				IPHONEOS_DEPLOYMENT_TARGET = 10.0;
				LD_RUNPATH_SEARCH_PATHS = "$(inherited) @executable_path/Frameworks @executable_path/../../Frameworks";
				PRODUCT_BUNDLE_IDENTIFIER = com.trofimov.demoiM.MessagesExtension;
				PRODUCT_NAME = "$(TARGET_NAME)";
				SKIP_INSTALL = YES;
				SWIFT_VERSION = 3.0;
			};
			name = Release;
		};
		AFE2C8951DEC9B6800BF4F55 /* Debug */ = {
			isa = XCBuildConfiguration;
			baseConfigurationReference = ECEEFB3251E1039BAF912EF2 /* Pods-demoiM.debug.xcconfig */;
			buildSettings = {
				ALWAYS_EMBED_SWIFT_STANDARD_LIBRARIES = YES;
				ASSETCATALOG_COMPILER_APPICON_NAME = AppIcon;
				DEVELOPMENT_TEAM = B5SWW93MKD;
				FRAMEWORK_SEARCH_PATHS = (
					"$(inherited)",
					"$(PROJECT_DIR)/Pods/Google-Mobile-Ads-SDK/Frameworks",
				);
				INFOPLIST_FILE = demoiM/Info.plist;
				PRODUCT_BUNDLE_IDENTIFIER = com.trofimov.demoiM;
				PRODUCT_NAME = "$(TARGET_NAME)";
				SWIFT_VERSION = 3.0;
			};
			name = Debug;
		};
		AFE2C8961DEC9B6800BF4F55 /* Release */ = {
			isa = XCBuildConfiguration;
			baseConfigurationReference = 61D6497C52DFD4DCD9C67FF3 /* Pods-demoiM.release.xcconfig */;
			buildSettings = {
				ALWAYS_EMBED_SWIFT_STANDARD_LIBRARIES = YES;
				ASSETCATALOG_COMPILER_APPICON_NAME = AppIcon;
				DEVELOPMENT_TEAM = B5SWW93MKD;
				FRAMEWORK_SEARCH_PATHS = (
					"$(inherited)",
					"$(PROJECT_DIR)/Pods/Google-Mobile-Ads-SDK/Frameworks",
				);
				INFOPLIST_FILE = demoiM/Info.plist;
				PRODUCT_BUNDLE_IDENTIFIER = com.trofimov.demoiM;
				PRODUCT_NAME = "$(TARGET_NAME)";
				SWIFT_VERSION = 3.0;
			};
			name = Release;
		};
/* End XCBuildConfiguration section */

/* Begin XCConfigurationList section */
		AFE2C8711DEC9B6700BF4F55 /* Build configuration list for PBXProject "demoiM" */ = {
			isa = XCConfigurationList;
			buildConfigurations = (
				AFE2C88E1DEC9B6800BF4F55 /* Debug */,
				AFE2C88F1DEC9B6800BF4F55 /* Release */,
			);
			defaultConfigurationIsVisible = 0;
			defaultConfigurationName = Release;
		};
		AFE2C8901DEC9B6800BF4F55 /* Build configuration list for PBXNativeTarget "MessagesExtension" */ = {
			isa = XCConfigurationList;
			buildConfigurations = (
				AFE2C8911DEC9B6800BF4F55 /* Debug */,
				AFE2C8921DEC9B6800BF4F55 /* Release */,
			);
			defaultConfigurationIsVisible = 0;
			defaultConfigurationName = Release;
		};
		AFE2C8941DEC9B6800BF4F55 /* Build configuration list for PBXNativeTarget "demoiM" */ = {
			isa = XCConfigurationList;
			buildConfigurations = (
				AFE2C8951DEC9B6800BF4F55 /* Debug */,
				AFE2C8961DEC9B6800BF4F55 /* Release */,
			);
			defaultConfigurationIsVisible = 0;
			defaultConfigurationName = Release;
		};
/* End XCConfigurationList section */
	};
	rootObject = AFE2C86E1DEC9B6700BF4F55 /* Project object */;
}
